
Microsoft Visual Studio Solution File, Format Version 12.00
# Visual Studio Version 17
VisualStudioVersion = 17.4.33213.308
MinimumVisualStudioVersion = 10.0.40219.1
Project("{FAE04EC0-301F-11D3-BF4B-00C04F79EFBC}") = "frmfind", "frmfind.csproj", "{8A7245E5-1041-4DE8-A87E-53CEF4C69E92}"
EndProject
Global
	GlobalSection(SolutionConfigurationPlatforms) = preSolution
		Debug|Any CPU = Debug|Any CPU
		Release|Any CPU = Release|Any CPU
	EndGlobalSection
	GlobalSection(ProjectConfigurationPlatforms) = postSolution
		{8A7245E5-1041-4DE8-A87E-53CEF4C69E92}.Debug|Any CPU.ActiveCfg = Debug|Any CPU
		{8A7245E5-1041-4DE8-A87E-53CEF4C69E92}.Debug|Any CPU.Build.0 = Debug|Any CPU
		{8A7245E5-1041-4DE8-A87E-53CEF4C69E92}.Release|Any CPU.ActiveCfg = Release|Any CPU
		{8A7245E5-1041-4DE8-A87E-53CEF4C69E92}.Release|Any CPU.Build.0 = Release|Any CPU
	EndGlobalSection
	GlobalSection(SolutionProperties) = preSolution
		HideSolutionNode = FALSE
	EndGlobalSection
	GlobalSection(ExtensibilityGlobals) = postSolution
		SolutionGuid = {D08042AA-6D95-40DD-AD74-DEF7455B626C}
	EndGlobalSection
EndGlobal
